// !$*UTF8*$!
{
	archiveVersion = 1;
	classes = {
	};
	objectVersion = 46;
	objects = {

/* Begin PBXBuildFile section */
		171953DD0DB3FD3B00AAC8B8 /* CoreServices.framework in Frameworks */ = {isa = PBXBuildFile; fileRef = 171953DC0DB3FD3B00AAC8B8 /* CoreServices.framework */; };
		171953FB0DB3FDE500AAC8B8 /* Controller.m in Sources */ = {isa = PBXBuildFile; fileRef = 171953FA0DB3FDE500AAC8B8 /* Controller.m */; };
		171953FD0DB3FDFB00AAC8B8 /* SCEvents.m in Sources */ = {isa = PBXBuildFile; fileRef = 171953FC0DB3FDFB00AAC8B8 /* SCEvents.m */; };
		175387700DB9743C0017AE02 /* SCEvent.m in Sources */ = {isa = PBXBuildFile; fileRef = 171953D90DB3FCFD00AAC8B8 /* SCEvent.m */; };
		176B557E12EB96CC0076CC40 /* SenTestingKit.framework in Frameworks */ = {isa = PBXBuildFile; fileRef = 17F21F7112EB6DFA0099D065 /* SenTestingKit.framework */; };
		176B55C812EC8A630076CC40 /* SCEvent.m in Sources */ = {isa = PBXBuildFile; fileRef = 171953D90DB3FCFD00AAC8B8 /* SCEvent.m */; };
		176B55E712EC91BF0076CC40 /* SCEvents.m in Sources */ = {isa = PBXBuildFile; fileRef = 171953FC0DB3FDFB00AAC8B8 /* SCEvents.m */; };
		17F21F7F12EB6E560099D065 /* SCEventTests.m in Sources */ = {isa = PBXBuildFile; fileRef = 17F44F5812E8F7F100F6F16C /* SCEventTests.m */; };
		17F21F8012EB6E560099D065 /* SCEventsTests.m in Sources */ = {isa = PBXBuildFile; fileRef = 17F44F5B12E8F94A00F6F16C /* SCEventsTests.m */; };
		8DD76F9A0486AA7600D96B5E /* Events.m in Sources */ = {isa = PBXBuildFile; fileRef = 08FB7796FE84155DC02AAC07 /* Events.m */; settings = {ATTRIBUTES = (); }; };
		8DD76F9C0486AA7600D96B5E /* Foundation.framework in Frameworks */ = {isa = PBXBuildFile; fileRef = 08FB779EFE84155DC02AAC07 /* Foundation.framework */; };
/* End PBXBuildFile section */

/* Begin PBXContainerItemProxy section */
		176B55A812EB98D90076CC40 /* PBXContainerItemProxy */ = {
			isa = PBXContainerItemProxy;
			containerPortal = 08FB7793FE84155DC02AAC07 /* Project object */;
			proxyType = 1;
			remoteGlobalIDString = 8DD76F960486AA7600D96B5E;
			remoteInfo = SCEvents;
		};
/* End PBXContainerItemProxy section */

/* Begin PBXFileReference section */
		08FB7796FE84155DC02AAC07 /* Events.m */ = {isa = PBXFileReference; fileEncoding = 4; lastKnownFileType = sourcecode.c.objc; path = Events.m; sourceTree = "<group>"; };
		08FB779EFE84155DC02AAC07 /* Foundation.framework */ = {isa = PBXFileReference; lastKnownFileType = wrapper.framework; name = Foundation.framework; path = /System/Library/Frameworks/Foundation.framework; sourceTree = "<absolute>"; };
		171953D80DB3FCFD00AAC8B8 /* SCEvent.h */ = {isa = PBXFileReference; lastKnownFileType = sourcecode.c.h; path = SCEvent.h; sourceTree = "<group>"; };
		171953D90DB3FCFD00AAC8B8 /* SCEvent.m */ = {isa = PBXFileReference; lastKnownFileType = sourcecode.c.objc; path = SCEvent.m; sourceTree = "<group>"; };
		171953DA0DB3FCFD00AAC8B8 /* SCEvents.h */ = {isa = PBXFileReference; lastKnownFileType = sourcecode.c.h; path = SCEvents.h; sourceTree = "<group>"; };
		171953DB0DB3FD2800AAC8B8 /* SCEventListenerProtocol.h */ = {isa = PBXFileReference; fileEncoding = 4; lastKnownFileType = sourcecode.c.h; path = SCEventListenerProtocol.h; sourceTree = "<group>"; };
		171953DC0DB3FD3B00AAC8B8 /* CoreServices.framework */ = {isa = PBXFileReference; lastKnownFileType = wrapper.framework; name = CoreServices.framework; path = /System/Library/Frameworks/CoreServices.framework; sourceTree = "<absolute>"; };
		171953F90DB3FDE500AAC8B8 /* Controller.h */ = {isa = PBXFileReference; fileEncoding = 4; lastKnownFileType = sourcecode.c.h; path = Controller.h; sourceTree = "<group>"; };
		171953FA0DB3FDE500AAC8B8 /* Controller.m */ = {isa = PBXFileReference; fileEncoding = 4; lastKnownFileType = sourcecode.c.objc; path = Controller.m; sourceTree = "<group>"; };
		171953FC0DB3FDFB00AAC8B8 /* SCEvents.m */ = {isa = PBXFileReference; fileEncoding = 4; lastKnownFileType = sourcecode.c.objc; path = SCEvents.m; sourceTree = "<group>"; };
		176B55B112EC873A0076CC40 /* SCEventTests.h */ = {isa = PBXFileReference; fileEncoding = 4; lastKnownFileType = sourcecode.c.h; path = SCEventTests.h; sourceTree = "<group>"; };
		176B55E512EC91740076CC40 /* SCEventsTests.h */ = {isa = PBXFileReference; fileEncoding = 4; lastKnownFileType = sourcecode.c.h; path = SCEventsTests.h; sourceTree = "<group>"; };
		17BD47390DE855CC008FC970 /* VersionHistory.txt */ = {isa = PBXFileReference; fileEncoding = 4; lastKnownFileType = text; path = VersionHistory.txt; sourceTree = "<group>"; };
		17F21F7112EB6DFA0099D065 /* SenTestingKit.framework */ = {isa = PBXFileReference; lastKnownFileType = wrapper.framework; name = SenTestingKit.framework; path = Library/Frameworks/SenTestingKit.framework; sourceTree = DEVELOPER_DIR; };
		17F21F7A12EB6E260099D065 /* Tests.octest */ = {isa = PBXFileReference; explicitFileType = wrapper.cfbundle; includeInIndex = 0; path = Tests.octest; sourceTree = BUILT_PRODUCTS_DIR; };
		17F21F7B12EB6E260099D065 /* Tests-Info.plist */ = {isa = PBXFileReference; lastKnownFileType = text.plist.xml; path = "Tests-Info.plist"; sourceTree = "<group>"; };
		17F44F5812E8F7F100F6F16C /* SCEventTests.m */ = {isa = PBXFileReference; fileEncoding = 4; lastKnownFileType = sourcecode.c.objc; path = SCEventTests.m; sourceTree = "<group>"; };
		17F44F5B12E8F94A00F6F16C /* SCEventsTests.m */ = {isa = PBXFileReference; fileEncoding = 4; lastKnownFileType = sourcecode.c.objc; path = SCEventsTests.m; sourceTree = "<group>"; };
		17F64E3C13073F25006C3039 /* Cocoa.framework */ = {isa = PBXFileReference; lastKnownFileType = wrapper.framework; name = Cocoa.framework; path = System/Library/Frameworks/Cocoa.framework; sourceTree = SDKROOT; };
		32A70AAB03705E1F00C91783 /* SCEvents.pch */ = {isa = PBXFileReference; fileEncoding = 4; lastKnownFileType = sourcecode.c.h; name = SCEvents.pch; path = Example/SCEvents.pch; sourceTree = SOURCE_ROOT; };
		8DD76FA10486AA7600D96B5E /* SCEvents */ = {isa = PBXFileReference; explicitFileType = "compiled.mach-o.executable"; includeInIndex = 0; path = SCEvents; sourceTree = BUILT_PRODUCTS_DIR; };
/* End PBXFileReference section */

/* Begin PBXFrameworksBuildPhase section */
		17F21F7712EB6E260099D065 /* Frameworks */ = {
			isa = PBXFrameworksBuildPhase;
			buildActionMask = 2147483647;
			files = (
				176B557E12EB96CC0076CC40 /* SenTestingKit.framework in Frameworks */,
			);
			runOnlyForDeploymentPostprocessing = 0;
		};
		8DD76F9B0486AA7600D96B5E /* Frameworks */ = {
			isa = PBXFrameworksBuildPhase;
			buildActionMask = 2147483647;
			files = (
				8DD76F9C0486AA7600D96B5E /* Foundation.framework in Frameworks */,
				171953DD0DB3FD3B00AAC8B8 /* CoreServices.framework in Frameworks */,
			);
			runOnlyForDeploymentPostprocessing = 0;
		};
/* End PBXFrameworksBuildPhase section */

/* Begin PBXGroup section */
		08FB7794FE84155DC02AAC07 /* SCEvents */ = {
			isa = PBXGroup;
			children = (
				08FB7795FE84155DC02AAC07 /* Source */,
				17F44F5212E8F69600F6F16C /* Tests */,
				17BD472C0DE85550008FC970 /* Resources */,
				08FB779DFE84155DC02AAC07 /* Frameworks */,
				1AB674ADFE9D54B511CA2CBB /* Products */,
			);
			name = SCEvents;
			sourceTree = "<group>";
		};
		08FB7795FE84155DC02AAC07 /* Source */ = {
			isa = PBXGroup;
			children = (
				32A70AAB03705E1F00C91783 /* SCEvents.pch */,
				17B8621812E1EAB4003A228E /* Example */,
				171953D70DB3FCE900AAC8B8 /* SCEvents */,
			);
			path = Source;
			sourceTree = "<group>";
		};
		08FB779DFE84155DC02AAC07 /* Frameworks */ = {
			isa = PBXGroup;
			children = (
				171953DC0DB3FD3B00AAC8B8 /* CoreServices.framework */,
				08FB779EFE84155DC02AAC07 /* Foundation.framework */,
				17F21F7112EB6DFA0099D065 /* SenTestingKit.framework */,
				17F64E3C13073F25006C3039 /* Cocoa.framework */,
			);
			name = Frameworks;
			sourceTree = "<group>";
		};
		171953D70DB3FCE900AAC8B8 /* SCEvents */ = {
			isa = PBXGroup;
			children = (
				171953D80DB3FCFD00AAC8B8 /* SCEvent.h */,
				171953D90DB3FCFD00AAC8B8 /* SCEvent.m */,
				171953DA0DB3FCFD00AAC8B8 /* SCEvents.h */,
				171953FC0DB3FDFB00AAC8B8 /* SCEvents.m */,
				171953DB0DB3FD2800AAC8B8 /* SCEventListenerProtocol.h */,
			);
			name = SCEvents;
			sourceTree = "<group>";
		};
		17B8621812E1EAB4003A228E /* Example */ = {
			isa = PBXGroup;
			children = (
				08FB7796FE84155DC02AAC07 /* Events.m */,
				171953F90DB3FDE500AAC8B8 /* Controller.h */,
				171953FA0DB3FDE500AAC8B8 /* Controller.m */,
			);
			path = Example;
			sourceTree = SOURCE_ROOT;
		};
		17BD472C0DE85550008FC970 /* Resources */ = {
			isa = PBXGroup;
			children = (
				17F21F7B12EB6E260099D065 /* Tests-Info.plist */,
				17BD47390DE855CC008FC970 /* VersionHistory.txt */,
			);
			path = Resources;
			sourceTree = "<group>";
		};
		17F44F5212E8F69600F6F16C /* Tests */ = {
			isa = PBXGroup;
			children = (
				176B55B112EC873A0076CC40 /* SCEventTests.h */,
				17F44F5812E8F7F100F6F16C /* SCEventTests.m */,
				176B55E512EC91740076CC40 /* SCEventsTests.h */,
				17F44F5B12E8F94A00F6F16C /* SCEventsTests.m */,
			);
			path = Tests;
			sourceTree = "<group>";
		};
		1AB674ADFE9D54B511CA2CBB /* Products */ = {
			isa = PBXGroup;
			children = (
				8DD76FA10486AA7600D96B5E /* SCEvents */,
				17F21F7A12EB6E260099D065 /* Tests.octest */,
			);
			name = Products;
			sourceTree = "<group>";
		};
/* End PBXGroup section */

/* Begin PBXNativeTarget section */
		17F21F7912EB6E260099D065 /* Tests */ = {
			isa = PBXNativeTarget;
			buildConfigurationList = 17F21F7E12EB6E270099D065 /* Build configuration list for PBXNativeTarget "Tests" */;
			buildPhases = (
				17F21F7512EB6E260099D065 /* Resources */,
				17F21F7612EB6E260099D065 /* Sources */,
				17F21F7712EB6E260099D065 /* Frameworks */,
				17F21F7812EB6E260099D065 /* ShellScript */,
			);
			buildRules = (
			);
			dependencies = (
				176B55A912EB98D90076CC40 /* PBXTargetDependency */,
			);
			name = Tests;
			productName = Tests;
			productReference = 17F21F7A12EB6E260099D065 /* Tests.octest */;
			productType = "com.apple.product-type.bundle";
		};
		8DD76F960486AA7600D96B5E /* SCEvents */ = {
			isa = PBXNativeTarget;
			buildConfigurationList = 1DEB927408733DD40010E9CD /* Build configuration list for PBXNativeTarget "SCEvents" */;
			buildPhases = (
				8DD76F990486AA7600D96B5E /* Sources */,
				8DD76F9B0486AA7600D96B5E /* Frameworks */,
			);
			buildRules = (
			);
			dependencies = (
			);
			name = SCEvents;
			productInstallPath = "$(HOME)/bin";
			productName = SCEvents;
			productReference = 8DD76FA10486AA7600D96B5E /* SCEvents */;
			productType = "com.apple.product-type.tool";
		};
/* End PBXNativeTarget section */

/* Begin PBXProject section */
		08FB7793FE84155DC02AAC07 /* Project object */ = {
			isa = PBXProject;
			buildConfigurationList = 1DEB927808733DD40010E9CD /* Build configuration list for PBXProject "SCEvents" */;
			compatibilityVersion = "Xcode 3.2";
			developmentRegion = English;
			hasScannedForEncodings = 1;
			knownRegions = (
				English,
				Japanese,
				French,
				German,
				en,
			);
			mainGroup = 08FB7794FE84155DC02AAC07 /* SCEvents */;
			projectDirPath = "";
			projectRoot = "";
			targets = (
				8DD76F960486AA7600D96B5E /* SCEvents */,
				17F21F7912EB6E260099D065 /* Tests */,
			);
		};
/* End PBXProject section */

/* Begin PBXResourcesBuildPhase section */
		17F21F7512EB6E260099D065 /* Resources */ = {
			isa = PBXResourcesBuildPhase;
			buildActionMask = 2147483647;
			files = (
			);
			runOnlyForDeploymentPostprocessing = 0;
		};
/* End PBXResourcesBuildPhase section */

/* Begin PBXShellScriptBuildPhase section */
		17F21F7812EB6E260099D065 /* ShellScript */ = {
			isa = PBXShellScriptBuildPhase;
			buildActionMask = 2147483647;
			files = (
			);
			inputPaths = (
			);
			outputPaths = (
			);
			runOnlyForDeploymentPostprocessing = 0;
			shellPath = /bin/sh;
			shellScript = "# Run the unit tests in this test bundle.\n\"${SYSTEM_DEVELOPER_DIR}/Tools/RunUnitTests\"\n";
		};
/* End PBXShellScriptBuildPhase section */

/* Begin PBXSourcesBuildPhase section */
		17F21F7612EB6E260099D065 /* Sources */ = {
			isa = PBXSourcesBuildPhase;
			buildActionMask = 2147483647;
			files = (
				17F21F7F12EB6E560099D065 /* SCEventTests.m in Sources */,
				17F21F8012EB6E560099D065 /* SCEventsTests.m in Sources */,
				176B55C812EC8A630076CC40 /* SCEvent.m in Sources */,
				176B55E712EC91BF0076CC40 /* SCEvents.m in Sources */,
			);
			runOnlyForDeploymentPostprocessing = 0;
		};
		8DD76F990486AA7600D96B5E /* Sources */ = {
			isa = PBXSourcesBuildPhase;
			buildActionMask = 2147483647;
			files = (
				8DD76F9A0486AA7600D96B5E /* Events.m in Sources */,
				171953FB0DB3FDE500AAC8B8 /* Controller.m in Sources */,
				171953FD0DB3FDFB00AAC8B8 /* SCEvents.m in Sources */,
				175387700DB9743C0017AE02 /* SCEvent.m in Sources */,
			);
			runOnlyForDeploymentPostprocessing = 0;
		};
/* End PBXSourcesBuildPhase section */

/* Begin PBXTargetDependency section */
		176B55A912EB98D90076CC40 /* PBXTargetDependency */ = {
			isa = PBXTargetDependency;
			target = 8DD76F960486AA7600D96B5E /* SCEvents */;
			targetProxy = 176B55A812EB98D90076CC40 /* PBXContainerItemProxy */;
		};
/* End PBXTargetDependency section */

/* Begin XCBuildConfiguration section */
		17F21F7C12EB6E270099D065 /* Development */ = {
			isa = XCBuildConfiguration;
			buildSettings = {
				ALWAYS_SEARCH_USER_PATHS = NO;
				COPY_PHASE_STRIP = NO;
				FRAMEWORK_SEARCH_PATHS = "$(DEVELOPER_LIBRARY_DIR)/Frameworks";
				GCC_DYNAMIC_NO_PIC = NO;
				GCC_ENABLE_FIX_AND_CONTINUE = NO;
				GCC_ENABLE_OBJC_EXCEPTIONS = YES;
				GCC_MODEL_TUNING = G5;
				GCC_OPTIMIZATION_LEVEL = 0;
				GCC_PRECOMPILE_PREFIX_HEADER = YES;
				GCC_PREFIX_HEADER = "$(SYSTEM_LIBRARY_DIR)/Frameworks/Cocoa.framework/Headers/Cocoa.h";
				INFOPLIST_FILE = "Resources/Tests-Info.plist";
				INSTALL_PATH = "$(USER_LIBRARY_DIR)/Bundles";
				OTHER_LDFLAGS = (
					"-framework",
					Cocoa,
					"-framework",
					SenTestingKit,
				);
				PREBINDING = NO;
				PRODUCT_NAME = Tests;
				WRAPPER_EXTENSION = octest;
			};
			name = Development;
		};
		17F21F7D12EB6E270099D065 /* Release */ = {
			isa = XCBuildConfiguration;
			buildSettings = {
				ALWAYS_SEARCH_USER_PATHS = NO;
				COPY_PHASE_STRIP = YES;
				DEBUG_INFORMATION_FORMAT = "dwarf-with-dsym";
				FRAMEWORK_SEARCH_PATHS = "$(DEVELOPER_LIBRARY_DIR)/Frameworks";
				GCC_ENABLE_FIX_AND_CONTINUE = NO;
				GCC_ENABLE_OBJC_EXCEPTIONS = YES;
				GCC_MODEL_TUNING = G5;
				GCC_PRECOMPILE_PREFIX_HEADER = YES;
				GCC_PREFIX_HEADER = "$(SYSTEM_LIBRARY_DIR)/Frameworks/Cocoa.framework/Headers/Cocoa.h";
				INFOPLIST_FILE = "Resources/Tests-Info.plist";
				INSTALL_PATH = "$(USER_LIBRARY_DIR)/Bundles";
				OTHER_LDFLAGS = (
					"-framework",
					Cocoa,
					"-framework",
					SenTestingKit,
				);
				PREBINDING = NO;
				PRODUCT_NAME = Tests;
				WRAPPER_EXTENSION = octest;
				ZERO_LINK = NO;
			};
			name = Release;
		};
		1DEB927508733DD40010E9CD /* Development */ = {
			isa = XCBuildConfiguration;
			buildSettings = {
				ALWAYS_SEARCH_USER_PATHS = NO;
				COPY_PHASE_STRIP = NO;
				FRAMEWORK_SEARCH_PATHS = (
					"$(inherited)",
					"\"$(DEVELOPER_FRAMEWORKS_DIR)\"",
				);
				GCC_DYNAMIC_NO_PIC = NO;
				GCC_ENABLE_FIX_AND_CONTINUE = YES;
				GCC_MODEL_TUNING = G5;
				GCC_OPTIMIZATION_LEVEL = 0;
				GCC_PRECOMPILE_PREFIX_HEADER = YES;
				INSTALL_PATH = /usr/local/bin;
				PRODUCT_NAME = SCEvents;
			};
			name = Development;
		};
		1DEB927608733DD40010E9CD /* Release */ = {
			isa = XCBuildConfiguration;
			buildSettings = {
				ALWAYS_SEARCH_USER_PATHS = NO;
				DEBUG_INFORMATION_FORMAT = "dwarf-with-dsym";
				FRAMEWORK_SEARCH_PATHS = (
					"$(inherited)",
					"\"$(DEVELOPER_FRAMEWORKS_DIR)\"",
				);
				GCC_MODEL_TUNING = G5;
				GCC_PRECOMPILE_PREFIX_HEADER = YES;
				INSTALL_PATH = /usr/local/bin;
				PRODUCT_NAME = SCEvents;
			};
			name = Release;
		};
		1DEB927908733DD40010E9CD /* Development */ = {
			isa = XCBuildConfiguration;
			buildSettings = {
				ALWAYS_SEARCH_USER_PATHS = NO;
				ARCHS = "$(ARCHS_STANDARD_32_64_BIT)";
				GCC_C_LANGUAGE_STANDARD = c99;
				GCC_OPTIMIZATION_LEVEL = 0;
				GCC_PREFIX_HEADER = Example/SCEvents.pch;
				GCC_VERSION = com.apple.compilers.llvm.clang.1_0;
				GCC_WARN_ABOUT_RETURN_TYPE = YES;
				GCC_WARN_UNUSED_VARIABLE = YES;
				MACOSX_DEPLOYMENT_TARGET = 10.5;
				ONLY_ACTIVE_ARCH = YES;
				PREBINDING = NO;
				SDKROOT = macosx10.6;
				VALID_ARCHS = "i386 ppc ppc64 x86_64";
			};
			name = Development;
		};
		1DEB927A08733DD40010E9CD /* Release */ = {
			isa = XCBuildConfiguration;
			buildSettings = {
				ALWAYS_SEARCH_USER_PATHS = NO;
				ARCHS = "$(ARCHS_STANDARD_32_64_BIT)";
				GCC_C_LANGUAGE_STANDARD = c99;
				GCC_PREFIX_HEADER = Example/SCEvents.pch;
				GCC_VERSION = com.apple.compilers.llvm.clang.1_0;
				GCC_WARN_ABOUT_RETURN_TYPE = YES;
				GCC_WARN_UNUSED_VARIABLE = YES;
				MACOSX_DEPLOYMENT_TARGET = 10.5;
				PREBINDING = NO;
				SDKROOT = macosx10.6;
				VALID_ARCHS = "i386 ppc ppc64 x86_64";
			};
			name = Release;
		};
/* End XCBuildConfiguration section */

/* Begin XCConfigurationList section */
		17F21F7E12EB6E270099D065 /* Build configuration list for PBXNativeTarget "Tests" */ = {
			isa = XCConfigurationList;
			buildConfigurations = (
				17F21F7C12EB6E270099D065 /* Development */,
				17F21F7D12EB6E270099D065 /* Release */,
			);
			defaultConfigurationIsVisible = 0;
			defaultConfigurationName = Release;
		};
		1DEB927408733DD40010E9CD /* Build configuration list for PBXNativeTarget "SCEvents" */ = {
			isa = XCConfigurationList;
			buildConfigurations = (
				1DEB927508733DD40010E9CD /* Development */,
				1DEB927608733DD40010E9CD /* Release */,
			);
			defaultConfigurationIsVisible = 0;
			defaultConfigurationName = Release;
		};
		1DEB927808733DD40010E9CD /* Build configuration list for PBXProject "SCEvents" */ = {
			isa = XCConfigurationList;
			buildConfigurations = (
				1DEB927908733DD40010E9CD /* Development */,
				1DEB927A08733DD40010E9CD /* Release */,
			);
			defaultConfigurationIsVisible = 0;
			defaultConfigurationName = Release;
		};
/* End XCConfigurationList section */
	};
	rootObject = 08FB7793FE84155DC02AAC07 /* Project object */;
}
